
Microsoft Visual Studio Solution File, Format Version 12.00
# Visual Studio Version 17
VisualStudioVersion = 17.5.002.0
MinimumVisualStudioVersion = 10.0.40219.1
Project("{9A19103F-16F7-4668-BE54-9A1E7A4F7556}") = "Umbracotest", "Umbracotest.csproj", "{C14458AA-775C-4681-9549-DEE5338E32B8}"
EndProject
Global
	GlobalSection(SolutionConfigurationPlatforms) = preSolution
		Debug|Any CPU = Debug|Any CPU
		Release|Any CPU = Release|Any CPU
	EndGlobalSection
	GlobalSection(ProjectConfigurationPlatforms) = postSolution
		{C14458AA-775C-4681-9549-DEE5338E32B8}.Debug|Any CPU.ActiveCfg = Debug|Any CPU
		{C14458AA-775C-4681-9549-DEE5338E32B8}.Debug|Any CPU.Build.0 = Debug|Any CPU
		{C14458AA-775C-4681-9549-DEE5338E32B8}.Release|Any CPU.ActiveCfg = Release|Any CPU
		{C14458AA-775C-4681-9549-DEE5338E32B8}.Release|Any CPU.Build.0 = Release|Any CPU
	EndGlobalSection
	GlobalSection(SolutionProperties) = preSolution
		HideSolutionNode = FALSE
	EndGlobalSection
	GlobalSection(ExtensibilityGlobals) = postSolution
		SolutionGuid = {934635DD-4241-4A1C-AA83-FD6A2B78EF1F}
	EndGlobalSection
EndGlobal
